
Microsoft Visual Studio Solution File, Format Version 12.00
# Visual Studio Version 16
VisualStudioVersion = 16.0.808.5
MinimumVisualStudioVersion = 10.0.40219.1
Project("{FAE04EC0-301F-11D3-BF4B-00C04F79EFBC}") = "PasswordCheckerMethods", "PasswordCheckerMethods\PasswordCheckerMethods.csproj", "{DE34E522-DFC7-44FD-90EC-F2E36083CB40}"
EndProject
Global
	GlobalSection(SolutionConfigurationPlatforms) = preSolution
		Debug|Any CPU = Debug|Any CPU
		Release|Any CPU = Release|Any CPU
	EndGlobalSection
	GlobalSection(ProjectConfigurationPlatforms) = postSolution
		{DE34E522-DFC7-44FD-90EC-F2E36083CB40}.Debug|Any CPU.ActiveCfg = Debug|Any CPU
		{DE34E522-DFC7-44FD-90EC-F2E36083CB40}.Debug|Any CPU.Build.0 = Debug|Any CPU
		{DE34E522-DFC7-44FD-90EC-F2E36083CB40}.Release|Any CPU.ActiveCfg = Release|Any CPU
		{DE34E522-DFC7-44FD-90EC-F2E36083CB40}.Release|Any CPU.Build.0 = Release|Any CPU
	EndGlobalSection
	GlobalSection(SolutionProperties) = preSolution
		HideSolutionNode = FALSE
	EndGlobalSection
	GlobalSection(ExtensibilityGlobals) = postSolution
		SolutionGuid = {B096AD45-70B2-4842-89DE-B5423F67321D}
	EndGlobalSection
EndGlobal
